// !$*UTF8*$!
{
	archiveVersion = 1;
	classes = {
	};
	objectVersion = 56;
	objects = {

/* Begin PBXBuildFile section */
		4B3A1C74B0FD2627FF58D6F1 /* Pods_Tendable_TendableUITests.framework in Frameworks */ = {isa = PBXBuildFile; fileRef = 17E9D3FE305E5E5D8E70CF14 /* Pods_Tendable_TendableUITests.framework */; };
		7A4775872C4E7D87008D6A85 /* MCQTableViewCell.swift in Sources */ = {isa = PBXBuildFile; fileRef = 7A4775862C4E7D87008D6A85 /* MCQTableViewCell.swift */; };
		7A4775892C4E7FA3008D6A85 /* CommonExtension.swift in Sources */ = {isa = PBXBuildFile; fileRef = 7A4775882C4E7FA3008D6A85 /* CommonExtension.swift */; };
		7A47758C2C4EB42E008D6A85 /* MCQButtonData.swift in Sources */ = {isa = PBXBuildFile; fileRef = 7A47758B2C4EB42E008D6A85 /* MCQButtonData.swift */; };
		7A47758E2C4EB8E3008D6A85 /* InspectionSurveyMcqDataPassProtocol.swift in Sources */ = {isa = PBXBuildFile; fileRef = 7A47758D2C4EB8E3008D6A85 /* InspectionSurveyMcqDataPassProtocol.swift */; };
		7A4775922C4ED348008D6A85 /* SurveyListViewController.swift in Sources */ = {isa = PBXBuildFile; fileRef = 7A4775912C4ED348008D6A85 /* SurveyListViewController.swift */; };
		7A4775942C4EEDEA008D6A85 /* SurveyListViewControllerExtension.swift in Sources */ = {isa = PBXBuildFile; fileRef = 7A4775932C4EEDEA008D6A85 /* SurveyListViewControllerExtension.swift */; };
		7A4775962C4EEE37008D6A85 /* HomeViewControllerExtension.swift in Sources */ = {isa = PBXBuildFile; fileRef = 7A4775952C4EEE37008D6A85 /* HomeViewControllerExtension.swift */; };
		7A4775A12C527D41008D6A85 /* TestInspection.swift in Sources */ = {isa = PBXBuildFile; fileRef = 7A4775A02C527D41008D6A85 /* TestInspection.swift */; };
		7A87FC9C2C4D2EE4004D1A67 /* APIDataModels.swift in Sources */ = {isa = PBXBuildFile; fileRef = 7A87FC9B2C4D2EE4004D1A67 /* APIDataModels.swift */; };
		7A87FC9E2C4E1888004D1A67 /* HomeViewController.swift in Sources */ = {isa = PBXBuildFile; fileRef = 7A87FC9D2C4E1888004D1A67 /* HomeViewController.swift */; };
		7A87FCA52C4E6595004D1A67 /* PersistentStorageManager.swift in Sources */ = {isa = PBXBuildFile; fileRef = 7A87FCA42C4E6595004D1A67 /* PersistentStorageManager.swift */; };
		7AB831F42C4BE4D9009D2C59 /* AppDelegate.swift in Sources */ = {isa = PBXBuildFile; fileRef = 7AB831F32C4BE4D9009D2C59 /* AppDelegate.swift */; };
		7AB831F62C4BE4D9009D2C59 /* SceneDelegate.swift in Sources */ = {isa = PBXBuildFile; fileRef = 7AB831F52C4BE4D9009D2C59 /* SceneDelegate.swift */; };
		7AB831F82C4BE4D9009D2C59 /* ViewController.swift in Sources */ = {isa = PBXBuildFile; fileRef = 7AB831F72C4BE4D9009D2C59 /* ViewController.swift */; };
		7AB831FB2C4BE4D9009D2C59 /* Base in Resources */ = {isa = PBXBuildFile; fileRef = 7AB831FA2C4BE4D9009D2C59 /* Base */; };
		7AB831FD2C4BE4DA009D2C59 /* Assets.xcassets in Resources */ = {isa = PBXBuildFile; fileRef = 7AB831FC2C4BE4DA009D2C59 /* Assets.xcassets */; };
		7AB832002C4BE4DA009D2C59 /* Base in Resources */ = {isa = PBXBuildFile; fileRef = 7AB831FF2C4BE4DA009D2C59 /* Base */; };
		7AB8320B2C4BE4DA009D2C59 /* TendableTests.swift in Sources */ = {isa = PBXBuildFile; fileRef = 7AB8320A2C4BE4DA009D2C59 /* TendableTests.swift */; };
		7AB832152C4BE4DA009D2C59 /* TendableUITests.swift in Sources */ = {isa = PBXBuildFile; fileRef = 7AB832142C4BE4DA009D2C59 /* TendableUITests.swift */; };
		7AB832172C4BE4DA009D2C59 /* TendableUITestsLaunchTests.swift in Sources */ = {isa = PBXBuildFile; fileRef = 7AB832162C4BE4DA009D2C59 /* TendableUITestsLaunchTests.swift */; };
		7AB832252C4BE869009D2C59 /* NetworkManager.swift in Sources */ = {isa = PBXBuildFile; fileRef = 7AB832242C4BE869009D2C59 /* NetworkManager.swift */; };
		7AB832272C4BF7FD009D2C59 /* Constants.swift in Sources */ = {isa = PBXBuildFile; fileRef = 7AB832262C4BF7FD009D2C59 /* Constants.swift */; };
		7AB832292C4BF94F009D2C59 /* Extension+Color.swift in Sources */ = {isa = PBXBuildFile; fileRef = 7AB832282C4BF94F009D2C59 /* Extension+Color.swift */; };
		7AB8322E2C4C1407009D2C59 /* RegisterViewController.swift in Sources */ = {isa = PBXBuildFile; fileRef = 7AB8322D2C4C1407009D2C59 /* RegisterViewController.swift */; };
		7AB832302C4C1418009D2C59 /* LoginViewController.swift in Sources */ = {isa = PBXBuildFile; fileRef = 7AB8322F2C4C1418009D2C59 /* LoginViewController.swift */; };
		7AB832342C4CC890009D2C59 /* TendableTextField.swift in Sources */ = {isa = PBXBuildFile; fileRef = 7AB832332C4CC890009D2C59 /* TendableTextField.swift */; };
		7AB832362C4CC8E5009D2C59 /* Extension+TextField.swift in Sources */ = {isa = PBXBuildFile; fileRef = 7AB832352C4CC8E5009D2C59 /* Extension+TextField.swift */; };
		7AB832382C4CC9B2009D2C59 /* TendableButton.swift in Sources */ = {isa = PBXBuildFile; fileRef = 7AB832372C4CC9B2009D2C59 /* TendableButton.swift */; };
		7AB8323A2C4CCD62009D2C59 /* BaseViewController.swift in Sources */ = {isa = PBXBuildFile; fileRef = 7AB832392C4CCD62009D2C59 /* BaseViewController.swift */; };
		A98DED0A32FDF359887D6C0C /* Pods_Tendable.framework in Frameworks */ = {isa = PBXBuildFile; fileRef = 4EAAEC0C009A97C669B9B8AB /* Pods_Tendable.framework */; };
		D67538D7ECC88827942BD79D /* Pods_TendableTests.framework in Frameworks */ = {isa = PBXBuildFile; fileRef = 0AA2CC59A0915C6F308533F4 /* Pods_TendableTests.framework */; };
/* End PBXBuildFile section */

/* Begin PBXContainerItemProxy section */
		7AB832072C4BE4DA009D2C59 /* PBXContainerItemProxy */ = {
			isa = PBXContainerItemProxy;
			containerPortal = 7AB831E82C4BE4D9009D2C59 /* Project object */;
			proxyType = 1;
			remoteGlobalIDString = 7AB831EF2C4BE4D9009D2C59;
			remoteInfo = Tendable;
		};
		7AB832112C4BE4DA009D2C59 /* PBXContainerItemProxy */ = {
			isa = PBXContainerItemProxy;
			containerPortal = 7AB831E82C4BE4D9009D2C59 /* Project object */;
			proxyType = 1;
			remoteGlobalIDString = 7AB831EF2C4BE4D9009D2C59;
			remoteInfo = Tendable;
		};
/* End PBXContainerItemProxy section */

/* Begin PBXFileReference section */
		073EE27BA88456D9C6631F02 /* Pods-Tendable-TendableUITests.release.xcconfig */ = {isa = PBXFileReference; includeInIndex = 1; lastKnownFileType = text.xcconfig; name = "Pods-Tendable-TendableUITests.release.xcconfig"; path = "Target Support Files/Pods-Tendable-TendableUITests/Pods-Tendable-TendableUITests.release.xcconfig"; sourceTree = "<group>"; };
		0AA2CC59A0915C6F308533F4 /* Pods_TendableTests.framework */ = {isa = PBXFileReference; explicitFileType = wrapper.framework; includeInIndex = 0; path = Pods_TendableTests.framework; sourceTree = BUILT_PRODUCTS_DIR; };
		11F3657FFD3BDDC702291225 /* Pods-Tendable.debug.xcconfig */ = {isa = PBXFileReference; includeInIndex = 1; lastKnownFileType = text.xcconfig; name = "Pods-Tendable.debug.xcconfig"; path = "Target Support Files/Pods-Tendable/Pods-Tendable.debug.xcconfig"; sourceTree = "<group>"; };
		1258D71F62E315113AB95324 /* Pods-TendableTests.debug.xcconfig */ = {isa = PBXFileReference; includeInIndex = 1; lastKnownFileType = text.xcconfig; name = "Pods-TendableTests.debug.xcconfig"; path = "Target Support Files/Pods-TendableTests/Pods-TendableTests.debug.xcconfig"; sourceTree = "<group>"; };
		17E9D3FE305E5E5D8E70CF14 /* Pods_Tendable_TendableUITests.framework */ = {isa = PBXFileReference; explicitFileType = wrapper.framework; includeInIndex = 0; path = Pods_Tendable_TendableUITests.framework; sourceTree = BUILT_PRODUCTS_DIR; };
		4EAAEC0C009A97C669B9B8AB /* Pods_Tendable.framework */ = {isa = PBXFileReference; explicitFileType = wrapper.framework; includeInIndex = 0; path = Pods_Tendable.framework; sourceTree = BUILT_PRODUCTS_DIR; };
		7A4775862C4E7D87008D6A85 /* MCQTableViewCell.swift */ = {isa = PBXFileReference; lastKnownFileType = sourcecode.swift; path = MCQTableViewCell.swift; sourceTree = "<group>"; };
		7A4775882C4E7FA3008D6A85 /* CommonExtension.swift */ = {isa = PBXFileReference; lastKnownFileType = sourcecode.swift; path = CommonExtension.swift; sourceTree = "<group>"; };
		7A47758B2C4EB42E008D6A85 /* MCQButtonData.swift */ = {isa = PBXFileReference; lastKnownFileType = sourcecode.swift; path = MCQButtonData.swift; sourceTree = "<group>"; };
		7A47758D2C4EB8E3008D6A85 /* InspectionSurveyMcqDataPassProtocol.swift */ = {isa = PBXFileReference; lastKnownFileType = sourcecode.swift; path = InspectionSurveyMcqDataPassProtocol.swift; sourceTree = "<group>"; };
		7A4775912C4ED348008D6A85 /* SurveyListViewController.swift */ = {isa = PBXFileReference; lastKnownFileType = sourcecode.swift; path = SurveyListViewController.swift; sourceTree = "<group>"; };
		7A4775932C4EEDEA008D6A85 /* SurveyListViewControllerExtension.swift */ = {isa = PBXFileReference; lastKnownFileType = sourcecode.swift; path = SurveyListViewControllerExtension.swift; sourceTree = "<group>"; };
		7A4775952C4EEE37008D6A85 /* HomeViewControllerExtension.swift */ = {isa = PBXFileReference; lastKnownFileType = sourcecode.swift; path = HomeViewControllerExtension.swift; sourceTree = "<group>"; };
		7A4775A02C527D41008D6A85 /* TestInspection.swift */ = {isa = PBXFileReference; lastKnownFileType = sourcecode.swift; path = TestInspection.swift; sourceTree = "<group>"; };
		7A87FC9B2C4D2EE4004D1A67 /* APIDataModels.swift */ = {isa = PBXFileReference; lastKnownFileType = sourcecode.swift; path = APIDataModels.swift; sourceTree = "<group>"; };
		7A87FC9D2C4E1888004D1A67 /* HomeViewController.swift */ = {isa = PBXFileReference; lastKnownFileType = sourcecode.swift; path = HomeViewController.swift; sourceTree = "<group>"; };
		7A87FCA42C4E6595004D1A67 /* PersistentStorageManager.swift */ = {isa = PBXFileReference; lastKnownFileType = sourcecode.swift; path = PersistentStorageManager.swift; sourceTree = "<group>"; };
		7AB831F02C4BE4D9009D2C59 /* Tendable.app */ = {isa = PBXFileReference; explicitFileType = wrapper.application; includeInIndex = 0; path = Tendable.app; sourceTree = BUILT_PRODUCTS_DIR; };
		7AB831F32C4BE4D9009D2C59 /* AppDelegate.swift */ = {isa = PBXFileReference; lastKnownFileType = sourcecode.swift; path = AppDelegate.swift; sourceTree = "<group>"; };
		7AB831F52C4BE4D9009D2C59 /* SceneDelegate.swift */ = {isa = PBXFileReference; lastKnownFileType = sourcecode.swift; path = SceneDelegate.swift; sourceTree = "<group>"; };
		7AB831F72C4BE4D9009D2C59 /* ViewController.swift */ = {isa = PBXFileReference; lastKnownFileType = sourcecode.swift; path = ViewController.swift; sourceTree = "<group>"; };
		7AB831FA2C4BE4D9009D2C59 /* Base */ = {isa = PBXFileReference; lastKnownFileType = file.storyboard; name = Base; path = Base.lproj/Main.storyboard; sourceTree = "<group>"; };
		7AB831FC2C4BE4DA009D2C59 /* Assets.xcassets */ = {isa = PBXFileReference; lastKnownFileType = folder.assetcatalog; path = Assets.xcassets; sourceTree = "<group>"; };
		7AB831FF2C4BE4DA009D2C59 /* Base */ = {isa = PBXFileReference; lastKnownFileType = file.storyboard; name = Base; path = Base.lproj/LaunchScreen.storyboard; sourceTree = "<group>"; };
		7AB832012C4BE4DA009D2C59 /* Info.plist */ = {isa = PBXFileReference; lastKnownFileType = text.plist.xml; path = Info.plist; sourceTree = "<group>"; };
		7AB832062C4BE4DA009D2C59 /* TendableTests.xctest */ = {isa = PBXFileReference; explicitFileType = wrapper.cfbundle; includeInIndex = 0; path = TendableTests.xctest; sourceTree = BUILT_PRODUCTS_DIR; };
		7AB8320A2C4BE4DA009D2C59 /* TendableTests.swift */ = {isa = PBXFileReference; lastKnownFileType = sourcecode.swift; path = TendableTests.swift; sourceTree = "<group>"; };
		7AB832102C4BE4DA009D2C59 /* TendableUITests.xctest */ = {isa = PBXFileReference; explicitFileType = wrapper.cfbundle; includeInIndex = 0; path = TendableUITests.xctest; sourceTree = BUILT_PRODUCTS_DIR; };
		7AB832142C4BE4DA009D2C59 /* TendableUITests.swift */ = {isa = PBXFileReference; lastKnownFileType = sourcecode.swift; path = TendableUITests.swift; sourceTree = "<group>"; };
		7AB832162C4BE4DA009D2C59 /* TendableUITestsLaunchTests.swift */ = {isa = PBXFileReference; lastKnownFileType = sourcecode.swift; path = TendableUITestsLaunchTests.swift; sourceTree = "<group>"; };
		7AB832242C4BE869009D2C59 /* NetworkManager.swift */ = {isa = PBXFileReference; lastKnownFileType = sourcecode.swift; path = NetworkManager.swift; sourceTree = "<group>"; };
		7AB832262C4BF7FD009D2C59 /* Constants.swift */ = {isa = PBXFileReference; lastKnownFileType = sourcecode.swift; path = Constants.swift; sourceTree = "<group>"; };
		7AB832282C4BF94F009D2C59 /* Extension+Color.swift */ = {isa = PBXFileReference; lastKnownFileType = sourcecode.swift; path = "Extension+Color.swift"; sourceTree = "<group>"; };
		7AB8322D2C4C1407009D2C59 /* RegisterViewController.swift */ = {isa = PBXFileReference; lastKnownFileType = sourcecode.swift; path = RegisterViewController.swift; sourceTree = "<group>"; };
		7AB8322F2C4C1418009D2C59 /* LoginViewController.swift */ = {isa = PBXFileReference; lastKnownFileType = sourcecode.swift; path = LoginViewController.swift; sourceTree = "<group>"; };
		7AB832332C4CC890009D2C59 /* TendableTextField.swift */ = {isa = PBXFileReference; lastKnownFileType = sourcecode.swift; path = TendableTextField.swift; sourceTree = "<group>"; };
		7AB832352C4CC8E5009D2C59 /* Extension+TextField.swift */ = {isa = PBXFileReference; lastKnownFileType = sourcecode.swift; path = "Extension+TextField.swift"; sourceTree = "<group>"; };
		7AB832372C4CC9B2009D2C59 /* TendableButton.swift */ = {isa = PBXFileReference; lastKnownFileType = sourcecode.swift; path = TendableButton.swift; sourceTree = "<group>"; };
		7AB832392C4CCD62009D2C59 /* BaseViewController.swift */ = {isa = PBXFileReference; lastKnownFileType = sourcecode.swift; path = BaseViewController.swift; sourceTree = "<group>"; };
		ABBB25D59B492A3CFFDE4EB9 /* Pods-Tendable.release.xcconfig */ = {isa = PBXFileReference; includeInIndex = 1; lastKnownFileType = text.xcconfig; name = "Pods-Tendable.release.xcconfig"; path = "Target Support Files/Pods-Tendable/Pods-Tendable.release.xcconfig"; sourceTree = "<group>"; };
		ACEA6C554D48BF782E422C40 /* Pods-Tendable-TendableUITests.debug.xcconfig */ = {isa = PBXFileReference; includeInIndex = 1; lastKnownFileType = text.xcconfig; name = "Pods-Tendable-TendableUITests.debug.xcconfig"; path = "Target Support Files/Pods-Tendable-TendableUITests/Pods-Tendable-TendableUITests.debug.xcconfig"; sourceTree = "<group>"; };
		D657D436212B74CC02645D24 /* Pods-TendableTests.release.xcconfig */ = {isa = PBXFileReference; includeInIndex = 1; lastKnownFileType = text.xcconfig; name = "Pods-TendableTests.release.xcconfig"; path = "Target Support Files/Pods-TendableTests/Pods-TendableTests.release.xcconfig"; sourceTree = "<group>"; };
/* End PBXFileReference section */

/* Begin PBXFrameworksBuildPhase section */
		7AB831ED2C4BE4D9009D2C59 /* Frameworks */ = {
			isa = PBXFrameworksBuildPhase;
			buildActionMask = 2147483647;
			files = (
				A98DED0A32FDF359887D6C0C /* Pods_Tendable.framework in Frameworks */,
			);
			runOnlyForDeploymentPostprocessing = 0;
		};
		7AB832032C4BE4DA009D2C59 /* Frameworks */ = {
			isa = PBXFrameworksBuildPhase;
			buildActionMask = 2147483647;
			files = (
				D67538D7ECC88827942BD79D /* Pods_TendableTests.framework in Frameworks */,
			);
			runOnlyForDeploymentPostprocessing = 0;
		};
		7AB8320D2C4BE4DA009D2C59 /* Frameworks */ = {
			isa = PBXFrameworksBuildPhase;
			buildActionMask = 2147483647;
			files = (
				4B3A1C74B0FD2627FF58D6F1 /* Pods_Tendable_TendableUITests.framework in Frameworks */,
			);
			runOnlyForDeploymentPostprocessing = 0;
		};
/* End PBXFrameworksBuildPhase section */

/* Begin PBXGroup section */
		7A4775812C4E7D0D008D6A85 /* RegisterController */ = {
			isa = PBXGroup;
			children = (
				7AB8322D2C4C1407009D2C59 /* RegisterViewController.swift */,
			);
			path = RegisterController;
			sourceTree = "<group>";
		};
		7A4775822C4E7D2F008D6A85 /* LoginController */ = {
			isa = PBXGroup;
			children = (
				7AB8322F2C4C1418009D2C59 /* LoginViewController.swift */,
			);
			path = LoginController;
			sourceTree = "<group>";
		};
		7A4775832C4E7D3D008D6A85 /* HomeController */ = {
			isa = PBXGroup;
			children = (
				7A47758A2C4EB414008D6A85 /* Model */,
				7A4775852C4E7D60008D6A85 /* View */,
				7A4775842C4E7D4C008D6A85 /* Controller */,
			);
			path = HomeController;
			sourceTree = "<group>";
		};
		7A4775842C4E7D4C008D6A85 /* Controller */ = {
			isa = PBXGroup;
			children = (
				7A87FC9D2C4E1888004D1A67 /* HomeViewController.swift */,
				7A4775952C4EEE37008D6A85 /* HomeViewControllerExtension.swift */,
			);
			path = Controller;
			sourceTree = "<group>";
		};
		7A4775852C4E7D60008D6A85 /* View */ = {
			isa = PBXGroup;
			children = (
				7A4775862C4E7D87008D6A85 /* MCQTableViewCell.swift */,
			);
			path = View;
			sourceTree = "<group>";
		};
		7A47758A2C4EB414008D6A85 /* Model */ = {
			isa = PBXGroup;
			children = (
				7A47758D2C4EB8E3008D6A85 /* InspectionSurveyMcqDataPassProtocol.swift */,
				7A47758B2C4EB42E008D6A85 /* MCQButtonData.swift */,
			);
			path = Model;
			sourceTree = "<group>";
		};
		7A47758F2C4ED31C008D6A85 /* SurveryListController */ = {
			isa = PBXGroup;
			children = (
				7A4775902C4ED32A008D6A85 /* Controller */,
			);
			path = SurveryListController;
			sourceTree = "<group>";
		};
		7A4775902C4ED32A008D6A85 /* Controller */ = {
			isa = PBXGroup;
			children = (
				7A4775912C4ED348008D6A85 /* SurveyListViewController.swift */,
				7A4775932C4EEDEA008D6A85 /* SurveyListViewControllerExtension.swift */,
			);
			path = Controller;
			sourceTree = "<group>";
		};
		7AB831E72C4BE4D9009D2C59 = {
			isa = PBXGroup;
			children = (
				7AB831F22C4BE4D9009D2C59 /* Tendable */,
				7AB832092C4BE4DA009D2C59 /* TendableTests */,
				7AB832132C4BE4DA009D2C59 /* TendableUITests */,
				7AB831F12C4BE4D9009D2C59 /* Products */,
				E7E9A3D092B8FA0860A54272 /* Pods */,
				A30D5796AECBA454A427E52A /* Frameworks */,
			);
			sourceTree = "<group>";
		};
		7AB831F12C4BE4D9009D2C59 /* Products */ = {
			isa = PBXGroup;
			children = (
				7AB831F02C4BE4D9009D2C59 /* Tendable.app */,
				7AB832062C4BE4DA009D2C59 /* TendableTests.xctest */,
				7AB832102C4BE4DA009D2C59 /* TendableUITests.xctest */,
			);
			name = Products;
			sourceTree = "<group>";
		};
		7AB831F22C4BE4D9009D2C59 /* Tendable */ = {
			isa = PBXGroup;
			children = (
				7AB831F32C4BE4D9009D2C59 /* AppDelegate.swift */,
				7AB831F52C4BE4D9009D2C59 /* SceneDelegate.swift */,
				7AB831F72C4BE4D9009D2C59 /* ViewController.swift */,
				7AB831F92C4BE4D9009D2C59 /* Main.storyboard */,
				7AB831FC2C4BE4DA009D2C59 /* Assets.xcassets */,
				7AB831FE2C4BE4DA009D2C59 /* LaunchScreen.storyboard */,
				7AB832012C4BE4DA009D2C59 /* Info.plist */,
				7AB8322C2C4C13D6009D2C59 /* Models */,
				7AB8322B2C4C13D0009D2C59 /* Views */,
				7AB8322A2C4C13BF009D2C59 /* Controllers */,
				7AB832232C4BE859009D2C59 /* Utilities */,
			);
			path = Tendable;
			sourceTree = "<group>";
		};
		7AB832092C4BE4DA009D2C59 /* TendableTests */ = {
			isa = PBXGroup;
			children = (
				7AB8320A2C4BE4DA009D2C59 /* TendableTests.swift */,
				7A4775A02C527D41008D6A85 /* TestInspection.swift */,
			);
			path = TendableTests;
			sourceTree = "<group>";
		};
		7AB832132C4BE4DA009D2C59 /* TendableUITests */ = {
			isa = PBXGroup;
			children = (
				7AB832142C4BE4DA009D2C59 /* TendableUITests.swift */,
				7AB832162C4BE4DA009D2C59 /* TendableUITestsLaunchTests.swift */,
			);
			path = TendableUITests;
			sourceTree = "<group>";
		};
		7AB832232C4BE859009D2C59 /* Utilities */ = {
			isa = PBXGroup;
			children = (
				7A4775882C4E7FA3008D6A85 /* CommonExtension.swift */,
				7AB832262C4BF7FD009D2C59 /* Constants.swift */,
				7AB832282C4BF94F009D2C59 /* Extension+Color.swift */,
				7AB832352C4CC8E5009D2C59 /* Extension+TextField.swift */,
				7AB832242C4BE869009D2C59 /* NetworkManager.swift */,
				7A87FCA42C4E6595004D1A67 /* PersistentStorageManager.swift */,
			);
			path = Utilities;
			sourceTree = "<group>";
		};
		7AB8322A2C4C13BF009D2C59 /* Controllers */ = {
			isa = PBXGroup;
			children = (
				7AB832392C4CCD62009D2C59 /* BaseViewController.swift */,
				7A4775832C4E7D3D008D6A85 /* HomeController */,
				7A4775822C4E7D2F008D6A85 /* LoginController */,
				7A4775812C4E7D0D008D6A85 /* RegisterController */,
				7A47758F2C4ED31C008D6A85 /* SurveryListController */,
			);
			path = Controllers;
			sourceTree = "<group>";
		};
		7AB8322B2C4C13D0009D2C59 /* Views */ = {
			isa = PBXGroup;
			children = (
				7AB832372C4CC9B2009D2C59 /* TendableButton.swift */,
				7AB832332C4CC890009D2C59 /* TendableTextField.swift */,
			);
			path = Views;
			sourceTree = "<group>";
		};
		7AB8322C2C4C13D6009D2C59 /* Models */ = {
			isa = PBXGroup;
			children = (
				7A87FC9B2C4D2EE4004D1A67 /* APIDataModels.swift */,
			);
			path = Models;
			sourceTree = "<group>";
		};
		A30D5796AECBA454A427E52A /* Frameworks */ = {
			isa = PBXGroup;
			children = (
				4EAAEC0C009A97C669B9B8AB /* Pods_Tendable.framework */,
				17E9D3FE305E5E5D8E70CF14 /* Pods_Tendable_TendableUITests.framework */,
				0AA2CC59A0915C6F308533F4 /* Pods_TendableTests.framework */,
			);
			name = Frameworks;
			sourceTree = "<group>";
		};
		E7E9A3D092B8FA0860A54272 /* Pods */ = {
			isa = PBXGroup;
			children = (
				11F3657FFD3BDDC702291225 /* Pods-Tendable.debug.xcconfig */,
				ABBB25D59B492A3CFFDE4EB9 /* Pods-Tendable.release.xcconfig */,
				ACEA6C554D48BF782E422C40 /* Pods-Tendable-TendableUITests.debug.xcconfig */,
				073EE27BA88456D9C6631F02 /* Pods-Tendable-TendableUITests.release.xcconfig */,
				1258D71F62E315113AB95324 /* Pods-TendableTests.debug.xcconfig */,
				D657D436212B74CC02645D24 /* Pods-TendableTests.release.xcconfig */,
			);
			path = Pods;
			sourceTree = "<group>";
		};
/* End PBXGroup section */

/* Begin PBXNativeTarget section */
		7AB831EF2C4BE4D9009D2C59 /* Tendable */ = {
			isa = PBXNativeTarget;
			buildConfigurationList = 7AB8321A2C4BE4DA009D2C59 /* Build configuration list for PBXNativeTarget "Tendable" */;
			buildPhases = (
				2410E6DB68DA434BF0610E3F /* [CP] Check Pods Manifest.lock */,
				7AB831EC2C4BE4D9009D2C59 /* Sources */,
				7AB831ED2C4BE4D9009D2C59 /* Frameworks */,
				7AB831EE2C4BE4D9009D2C59 /* Resources */,
				3682B420366432F37D8C167B /* [CP] Embed Pods Frameworks */,
			);
			buildRules = (
			);
			dependencies = (
			);
			name = Tendable;
			productName = Tendable;
			productReference = 7AB831F02C4BE4D9009D2C59 /* Tendable.app */;
			productType = "com.apple.product-type.application";
		};
		7AB832052C4BE4DA009D2C59 /* TendableTests */ = {
			isa = PBXNativeTarget;
			buildConfigurationList = 7AB8321D2C4BE4DA009D2C59 /* Build configuration list for PBXNativeTarget "TendableTests" */;
			buildPhases = (
				F16A168BD43C55DB3B388B08 /* [CP] Check Pods Manifest.lock */,
				7AB832022C4BE4DA009D2C59 /* Sources */,
				7AB832032C4BE4DA009D2C59 /* Frameworks */,
				7AB832042C4BE4DA009D2C59 /* Resources */,
			);
			buildRules = (
			);
			dependencies = (
				7AB832082C4BE4DA009D2C59 /* PBXTargetDependency */,
			);
			name = TendableTests;
			productName = TendableTests;
			productReference = 7AB832062C4BE4DA009D2C59 /* TendableTests.xctest */;
			productType = "com.apple.product-type.bundle.unit-test";
		};
		7AB8320F2C4BE4DA009D2C59 /* TendableUITests */ = {
			isa = PBXNativeTarget;
			buildConfigurationList = 7AB832202C4BE4DA009D2C59 /* Build configuration list for PBXNativeTarget "TendableUITests" */;
			buildPhases = (
				AF777BEAE430B3559303CDB4 /* [CP] Check Pods Manifest.lock */,
				7AB8320C2C4BE4DA009D2C59 /* Sources */,
				7AB8320D2C4BE4DA009D2C59 /* Frameworks */,
				7AB8320E2C4BE4DA009D2C59 /* Resources */,
				8FDDA676B0C4228277341EC6 /* [CP] Embed Pods Frameworks */,
			);
			buildRules = (
			);
			dependencies = (
				7AB832122C4BE4DA009D2C59 /* PBXTargetDependency */,
			);
			name = TendableUITests;
			productName = TendableUITests;
			productReference = 7AB832102C4BE4DA009D2C59 /* TendableUITests.xctest */;
			productType = "com.apple.product-type.bundle.ui-testing";
		};
/* End PBXNativeTarget section */

/* Begin PBXProject section */
		7AB831E82C4BE4D9009D2C59 /* Project object */ = {
			isa = PBXProject;
			attributes = {
				BuildIndependentTargetsInParallel = 1;
				LastSwiftUpdateCheck = 1540;
				LastUpgradeCheck = 1540;
				TargetAttributes = {
					7AB831EF2C4BE4D9009D2C59 = {
						CreatedOnToolsVersion = 15.4;
					};
					7AB832052C4BE4DA009D2C59 = {
						CreatedOnToolsVersion = 15.4;
						TestTargetID = 7AB831EF2C4BE4D9009D2C59;
					};
					7AB8320F2C4BE4DA009D2C59 = {
						CreatedOnToolsVersion = 15.4;
						TestTargetID = 7AB831EF2C4BE4D9009D2C59;
					};
				};
			};
			buildConfigurationList = 7AB831EB2C4BE4D9009D2C59 /* Build configuration list for PBXProject "Tendable" */;
			compatibilityVersion = "Xcode 14.0";
			developmentRegion = en;
			hasScannedForEncodings = 0;
			knownRegions = (
				en,
				Base,
			);
			mainGroup = 7AB831E72C4BE4D9009D2C59;
			productRefGroup = 7AB831F12C4BE4D9009D2C59 /* Products */;
			projectDirPath = "";
			projectRoot = "";
			targets = (
				7AB831EF2C4BE4D9009D2C59 /* Tendable */,
				7AB832052C4BE4DA009D2C59 /* TendableTests */,
				7AB8320F2C4BE4DA009D2C59 /* TendableUITests */,
			);
		};
/* End PBXProject section */

/* Begin PBXResourcesBuildPhase section */
		7AB831EE2C4BE4D9009D2C59 /* Resources */ = {
			isa = PBXResourcesBuildPhase;
			buildActionMask = 2147483647;
			files = (
				7AB831FD2C4BE4DA009D2C59 /* Assets.xcassets in Resources */,
				7AB832002C4BE4DA009D2C59 /* Base in Resources */,
				7AB831FB2C4BE4D9009D2C59 /* Base in Resources */,
			);
			runOnlyForDeploymentPostprocessing = 0;
		};
		7AB832042C4BE4DA009D2C59 /* Resources */ = {
			isa = PBXResourcesBuildPhase;
			buildActionMask = 2147483647;
			files = (
			);
			runOnlyForDeploymentPostprocessing = 0;
		};
		7AB8320E2C4BE4DA009D2C59 /* Resources */ = {
			isa = PBXResourcesBuildPhase;
			buildActionMask = 2147483647;
			files = (
			);
			runOnlyForDeploymentPostprocessing = 0;
		};
/* End PBXResourcesBuildPhase section */

/* Begin PBXShellScriptBuildPhase section */
		2410E6DB68DA434BF0610E3F /* [CP] Check Pods Manifest.lock */ = {
			isa = PBXShellScriptBuildPhase;
			buildActionMask = 2147483647;
			files = (
			);
			inputFileListPaths = (
			);
			inputPaths = (
				"${PODS_PODFILE_DIR_PATH}/Podfile.lock",
				"${PODS_ROOT}/Manifest.lock",
			);
			name = "[CP] Check Pods Manifest.lock";
			outputFileListPaths = (
			);
			outputPaths = (
				"$(DERIVED_FILE_DIR)/Pods-Tendable-checkManifestLockResult.txt",
			);
			runOnlyForDeploymentPostprocessing = 0;
			shellPath = /bin/sh;
			shellScript = "diff \"${PODS_PODFILE_DIR_PATH}/Podfile.lock\" \"${PODS_ROOT}/Manifest.lock\" > /dev/null\nif [ $? != 0 ] ; then\n    # print error to STDERR\n    echo \"error: The sandbox is not in sync with the Podfile.lock. Run 'pod install' or update your CocoaPods installation.\" >&2\n    exit 1\nfi\n# This output is used by Xcode 'outputs' to avoid re-running this script phase.\necho \"SUCCESS\" > \"${SCRIPT_OUTPUT_FILE_0}\"\n";
			showEnvVarsInLog = 0;
		};
		3682B420366432F37D8C167B /* [CP] Embed Pods Frameworks */ = {
			isa = PBXShellScriptBuildPhase;
			buildActionMask = 2147483647;
			files = (
			);
			inputFileListPaths = (
				"${PODS_ROOT}/Target Support Files/Pods-Tendable/Pods-Tendable-frameworks-${CONFIGURATION}-input-files.xcfilelist",
			);
			name = "[CP] Embed Pods Frameworks";
			outputFileListPaths = (
				"${PODS_ROOT}/Target Support Files/Pods-Tendable/Pods-Tendable-frameworks-${CONFIGURATION}-output-files.xcfilelist",
			);
			runOnlyForDeploymentPostprocessing = 0;
			shellPath = /bin/sh;
			shellScript = "\"${PODS_ROOT}/Target Support Files/Pods-Tendable/Pods-Tendable-frameworks.sh\"\n";
			showEnvVarsInLog = 0;
		};
		8FDDA676B0C4228277341EC6 /* [CP] Embed Pods Frameworks */ = {
			isa = PBXShellScriptBuildPhase;
			buildActionMask = 2147483647;
			files = (
			);
			inputFileListPaths = (
				"${PODS_ROOT}/Target Support Files/Pods-Tendable-TendableUITests/Pods-Tendable-TendableUITests-frameworks-${CONFIGURATION}-input-files.xcfilelist",
			);
			name = "[CP] Embed Pods Frameworks";
			outputFileListPaths = (
				"${PODS_ROOT}/Target Support Files/Pods-Tendable-TendableUITests/Pods-Tendable-TendableUITests-frameworks-${CONFIGURATION}-output-files.xcfilelist",
			);
			runOnlyForDeploymentPostprocessing = 0;
			shellPath = /bin/sh;
			shellScript = "\"${PODS_ROOT}/Target Support Files/Pods-Tendable-TendableUITests/Pods-Tendable-TendableUITests-frameworks.sh\"\n";
			showEnvVarsInLog = 0;
		};
		AF777BEAE430B3559303CDB4 /* [CP] Check Pods Manifest.lock */ = {
			isa = PBXShellScriptBuildPhase;
			buildActionMask = 2147483647;
			files = (
			);
			inputFileListPaths = (
			);
			inputPaths = (
				"${PODS_PODFILE_DIR_PATH}/Podfile.lock",
				"${PODS_ROOT}/Manifest.lock",
			);
			name = "[CP] Check Pods Manifest.lock";
			outputFileListPaths = (
			);
			outputPaths = (
				"$(DERIVED_FILE_DIR)/Pods-Tendable-TendableUITests-checkManifestLockResult.txt",
			);
			runOnlyForDeploymentPostprocessing = 0;
			shellPath = /bin/sh;
			shellScript = "diff \"${PODS_PODFILE_DIR_PATH}/Podfile.lock\" \"${PODS_ROOT}/Manifest.lock\" > /dev/null\nif [ $? != 0 ] ; then\n    # print error to STDERR\n    echo \"error: The sandbox is not in sync with the Podfile.lock. Run 'pod install' or update your CocoaPods installation.\" >&2\n    exit 1\nfi\n# This output is used by Xcode 'outputs' to avoid re-running this script phase.\necho \"SUCCESS\" > \"${SCRIPT_OUTPUT_FILE_0}\"\n";
			showEnvVarsInLog = 0;
		};
		F16A168BD43C55DB3B388B08 /* [CP] Check Pods Manifest.lock */ = {
			isa = PBXShellScriptBuildPhase;
			buildActionMask = 2147483647;
			files = (
			);
			inputFileListPaths = (
			);
			inputPaths = (
				"${PODS_PODFILE_DIR_PATH}/Podfile.lock",
				"${PODS_ROOT}/Manifest.lock",
			);
			name = "[CP] Check Pods Manifest.lock";
			outputFileListPaths = (
			);
			outputPaths = (
				"$(DERIVED_FILE_DIR)/Pods-TendableTests-checkManifestLockResult.txt",
			);
			runOnlyForDeploymentPostprocessing = 0;
			shellPath = /bin/sh;
			shellScript = "diff \"${PODS_PODFILE_DIR_PATH}/Podfile.lock\" \"${PODS_ROOT}/Manifest.lock\" > /dev/null\nif [ $? != 0 ] ; then\n    # print error to STDERR\n    echo \"error: The sandbox is not in sync with the Podfile.lock. Run 'pod install' or update your CocoaPods installation.\" >&2\n    exit 1\nfi\n# This output is used by Xcode 'outputs' to avoid re-running this script phase.\necho \"SUCCESS\" > \"${SCRIPT_OUTPUT_FILE_0}\"\n";
			showEnvVarsInLog = 0;
		};
/* End PBXShellScriptBuildPhase section */

/* Begin PBXSourcesBuildPhase section */
		7AB831EC2C4BE4D9009D2C59 /* Sources */ = {
			isa = PBXSourcesBuildPhase;
			buildActionMask = 2147483647;
			files = (
				7AB832272C4BF7FD009D2C59 /* Constants.swift in Sources */,
				7AB832362C4CC8E5009D2C59 /* Extension+TextField.swift in Sources */,
				7A47758E2C4EB8E3008D6A85 /* InspectionSurveyMcqDataPassProtocol.swift in Sources */,
				7AB832292C4BF94F009D2C59 /* Extension+Color.swift in Sources */,
				7AB8322E2C4C1407009D2C59 /* RegisterViewController.swift in Sources */,
				7AB832252C4BE869009D2C59 /* NetworkManager.swift in Sources */,
				7A4775922C4ED348008D6A85 /* SurveyListViewController.swift in Sources */,
				7A47758C2C4EB42E008D6A85 /* MCQButtonData.swift in Sources */,
				7A4775872C4E7D87008D6A85 /* MCQTableViewCell.swift in Sources */,
				7A87FC9E2C4E1888004D1A67 /* HomeViewController.swift in Sources */,
				7A4775942C4EEDEA008D6A85 /* SurveyListViewControllerExtension.swift in Sources */,
				7A4775962C4EEE37008D6A85 /* HomeViewControllerExtension.swift in Sources */,
				7A87FC9C2C4D2EE4004D1A67 /* APIDataModels.swift in Sources */,
				7AB8323A2C4CCD62009D2C59 /* BaseViewController.swift in Sources */,
				7AB832342C4CC890009D2C59 /* TendableTextField.swift in Sources */,
				7AB832302C4C1418009D2C59 /* LoginViewController.swift in Sources */,
				7AB832382C4CC9B2009D2C59 /* TendableButton.swift in Sources */,
				7AB831F82C4BE4D9009D2C59 /* ViewController.swift in Sources */,
				7AB831F42C4BE4D9009D2C59 /* AppDelegate.swift in Sources */,
				7AB831F62C4BE4D9009D2C59 /* SceneDelegate.swift in Sources */,
				7A4775892C4E7FA3008D6A85 /* CommonExtension.swift in Sources */,
				7A87FCA52C4E6595004D1A67 /* PersistentStorageManager.swift in Sources */,
			);
			runOnlyForDeploymentPostprocessing = 0;
		};
		7AB832022C4BE4DA009D2C59 /* Sources */ = {
			isa = PBXSourcesBuildPhase;
			buildActionMask = 2147483647;
			files = (
				7AB8320B2C4BE4DA009D2C59 /* TendableTests.swift in Sources */,
				7A4775A12C527D41008D6A85 /* TestInspection.swift in Sources */,
			);
			runOnlyForDeploymentPostprocessing = 0;
		};
		7AB8320C2C4BE4DA009D2C59 /* Sources */ = {
			isa = PBXSourcesBuildPhase;
			buildActionMask = 2147483647;
			files = (
				7AB832172C4BE4DA009D2C59 /* TendableUITestsLaunchTests.swift in Sources */,
				7AB832152C4BE4DA009D2C59 /* TendableUITests.swift in Sources */,
			);
			runOnlyForDeploymentPostprocessing = 0;
		};
/* End PBXSourcesBuildPhase section */

/* Begin PBXTargetDependency section */
		7AB832082C4BE4DA009D2C59 /* PBXTargetDependency */ = {
			isa = PBXTargetDependency;
			target = 7AB831EF2C4BE4D9009D2C59 /* Tendable */;
			targetProxy = 7AB832072C4BE4DA009D2C59 /* PBXContainerItemProxy */;
		};
		7AB832122C4BE4DA009D2C59 /* PBXTargetDependency */ = {
			isa = PBXTargetDependency;
			target = 7AB831EF2C4BE4D9009D2C59 /* Tendable */;
			targetProxy = 7AB832112C4BE4DA009D2C59 /* PBXContainerItemProxy */;
		};
/* End PBXTargetDependency section */

/* Begin PBXVariantGroup section */
		7AB831F92C4BE4D9009D2C59 /* Main.storyboard */ = {
			isa = PBXVariantGroup;
			children = (
				7AB831FA2C4BE4D9009D2C59 /* Base */,
			);
			name = Main.storyboard;
			sourceTree = "<group>";
		};
		7AB831FE2C4BE4DA009D2C59 /* LaunchScreen.storyboard */ = {
			isa = PBXVariantGroup;
			children = (
				7AB831FF2C4BE4DA009D2C59 /* Base */,
			);
			name = LaunchScreen.storyboard;
			sourceTree = "<group>";
		};
/* End PBXVariantGroup section */

/* Begin XCBuildConfiguration section */
		7AB832182C4BE4DA009D2C59 /* Debug */ = {
			isa = XCBuildConfiguration;
			buildSettings = {
				ALWAYS_SEARCH_USER_PATHS = NO;
				ASSETCATALOG_COMPILER_GENERATE_SWIFT_ASSET_SYMBOL_EXTENSIONS = YES;
				CLANG_ANALYZER_NONNULL = YES;
				CLANG_ANALYZER_NUMBER_OBJECT_CONVERSION = YES_AGGRESSIVE;
				CLANG_CXX_LANGUAGE_STANDARD = "gnu++20";
				CLANG_ENABLE_MODULES = YES;
				CLANG_ENABLE_OBJC_ARC = YES;
				CLANG_ENABLE_OBJC_WEAK = YES;
				CLANG_WARN_BLOCK_CAPTURE_AUTORELEASING = YES;
				CLANG_WARN_BOOL_CONVERSION = YES;
				CLANG_WARN_COMMA = YES;
				CLANG_WARN_CONSTANT_CONVERSION = YES;
				CLANG_WARN_DEPRECATED_OBJC_IMPLEMENTATIONS = YES;
				CLANG_WARN_DIRECT_OBJC_ISA_USAGE = YES_ERROR;
				CLANG_WARN_DOCUMENTATION_COMMENTS = YES;
				CLANG_WARN_EMPTY_BODY = YES;
				CLANG_WARN_ENUM_CONVERSION = YES;
				CLANG_WARN_INFINITE_RECURSION = YES;
				CLANG_WARN_INT_CONVERSION = YES;
				CLANG_WARN_NON_LITERAL_NULL_CONVERSION = YES;
				CLANG_WARN_OBJC_IMPLICIT_RETAIN_SELF = YES;
				CLANG_WARN_OBJC_LITERAL_CONVERSION = YES;
				CLANG_WARN_OBJC_ROOT_CLASS = YES_ERROR;
				CLANG_WARN_QUOTED_INCLUDE_IN_FRAMEWORK_HEADER = YES;
				CLANG_WARN_RANGE_LOOP_ANALYSIS = YES;
				CLANG_WARN_STRICT_PROTOTYPES = YES;
				CLANG_WARN_SUSPICIOUS_MOVE = YES;
				CLANG_WARN_UNGUARDED_AVAILABILITY = YES_AGGRESSIVE;
				CLANG_WARN_UNREACHABLE_CODE = YES;
				CLANG_WARN__DUPLICATE_METHOD_MATCH = YES;
				COPY_PHASE_STRIP = NO;
				DEBUG_INFORMATION_FORMAT = dwarf;
				ENABLE_STRICT_OBJC_MSGSEND = YES;
				ENABLE_TESTABILITY = YES;
				ENABLE_USER_SCRIPT_SANDBOXING = NO;
				GCC_C_LANGUAGE_STANDARD = gnu17;
				GCC_DYNAMIC_NO_PIC = NO;
				GCC_NO_COMMON_BLOCKS = YES;
				GCC_OPTIMIZATION_LEVEL = 0;
				GCC_PREPROCESSOR_DEFINITIONS = (
					"DEBUG=1",
					"$(inherited)",
				);
				GCC_WARN_64_TO_32_BIT_CONVERSION = YES;
				GCC_WARN_ABOUT_RETURN_TYPE = YES_ERROR;
				GCC_WARN_UNDECLARED_SELECTOR = YES;
				GCC_WARN_UNINITIALIZED_AUTOS = YES_AGGRESSIVE;
				GCC_WARN_UNUSED_FUNCTION = YES;
				GCC_WARN_UNUSED_VARIABLE = YES;
				IPHONEOS_DEPLOYMENT_TARGET = 13.0;
				LOCALIZATION_PREFERS_STRING_CATALOGS = YES;
				MTL_ENABLE_DEBUG_INFO = INCLUDE_SOURCE;
				MTL_FAST_MATH = YES;
				ONLY_ACTIVE_ARCH = YES;
				SDKROOT = iphoneos;
				SWIFT_ACTIVE_COMPILATION_CONDITIONS = "DEBUG $(inherited)";
				SWIFT_OPTIMIZATION_LEVEL = "-Onone";
			};
			name = Debug;
		};
		7AB832192C4BE4DA009D2C59 /* Release */ = {
			isa = XCBuildConfiguration;
			buildSettings = {
				ALWAYS_SEARCH_USER_PATHS = NO;
				ASSETCATALOG_COMPILER_GENERATE_SWIFT_ASSET_SYMBOL_EXTENSIONS = YES;
				CLANG_ANALYZER_NONNULL = YES;
				CLANG_ANALYZER_NUMBER_OBJECT_CONVERSION = YES_AGGRESSIVE;
				CLANG_CXX_LANGUAGE_STANDARD = "gnu++20";
				CLANG_ENABLE_MODULES = YES;
				CLANG_ENABLE_OBJC_ARC = YES;
				CLANG_ENABLE_OBJC_WEAK = YES;
				CLANG_WARN_BLOCK_CAPTURE_AUTORELEASING = YES;
				CLANG_WARN_BOOL_CONVERSION = YES;
				CLANG_WARN_COMMA = YES;
				CLANG_WARN_CONSTANT_CONVERSION = YES;
				CLANG_WARN_DEPRECATED_OBJC_IMPLEMENTATIONS = YES;
				CLANG_WARN_DIRECT_OBJC_ISA_USAGE = YES_ERROR;
				CLANG_WARN_DOCUMENTATION_COMMENTS = YES;
				CLANG_WARN_EMPTY_BODY = YES;
				CLANG_WARN_ENUM_CONVERSION = YES;
				CLANG_WARN_INFINITE_RECURSION = YES;
				CLANG_WARN_INT_CONVERSION = YES;
				CLANG_WARN_NON_LITERAL_NULL_CONVERSION = YES;
				CLANG_WARN_OBJC_IMPLICIT_RETAIN_SELF = YES;
				CLANG_WARN_OBJC_LITERAL_CONVERSION = YES;
				CLANG_WARN_OBJC_ROOT_CLASS = YES_ERROR;
				CLANG_WARN_QUOTED_INCLUDE_IN_FRAMEWORK_HEADER = YES;
				CLANG_WARN_RANGE_LOOP_ANALYSIS = YES;
				CLANG_WARN_STRICT_PROTOTYPES = YES;
				CLANG_WARN_SUSPICIOUS_MOVE = YES;
				CLANG_WARN_UNGUARDED_AVAILABILITY = YES_AGGRESSIVE;
				CLANG_WARN_UNREACHABLE_CODE = YES;
				CLANG_WARN__DUPLICATE_METHOD_MATCH = YES;
				COPY_PHASE_STRIP = NO;
				DEBUG_INFORMATION_FORMAT = "dwarf-with-dsym";
				ENABLE_NS_ASSERTIONS = NO;
				ENABLE_STRICT_OBJC_MSGSEND = YES;
				ENABLE_USER_SCRIPT_SANDBOXING = NO;
				GCC_C_LANGUAGE_STANDARD = gnu17;
				GCC_NO_COMMON_BLOCKS = YES;
				GCC_WARN_64_TO_32_BIT_CONVERSION = YES;
				GCC_WARN_ABOUT_RETURN_TYPE = YES_ERROR;
				GCC_WARN_UNDECLARED_SELECTOR = YES;
				GCC_WARN_UNINITIALIZED_AUTOS = YES_AGGRESSIVE;
				GCC_WARN_UNUSED_FUNCTION = YES;
				GCC_WARN_UNUSED_VARIABLE = YES;
				IPHONEOS_DEPLOYMENT_TARGET = 13.0;
				LOCALIZATION_PREFERS_STRING_CATALOGS = YES;
				MTL_ENABLE_DEBUG_INFO = NO;
				MTL_FAST_MATH = YES;
				SDKROOT = iphoneos;
				SWIFT_COMPILATION_MODE = wholemodule;
				VALIDATE_PRODUCT = YES;
			};
			name = Release;
		};
		7AB8321B2C4BE4DA009D2C59 /* Debug */ = {
			isa = XCBuildConfiguration;
			baseConfigurationReference = 11F3657FFD3BDDC702291225 /* Pods-Tendable.debug.xcconfig */;
			buildSettings = {
				ASSETCATALOG_COMPILER_APPICON_NAME = AppIcon;
				ASSETCATALOG_COMPILER_GLOBAL_ACCENT_COLOR_NAME = AccentColor;
				CODE_SIGN_STYLE = Automatic;
				CURRENT_PROJECT_VERSION = 1;
				DEVELOPMENT_TEAM = 2LR2Z2SB2G;
				GENERATE_INFOPLIST_FILE = YES;
				INFOPLIST_FILE = Tendable/Info.plist;
				INFOPLIST_KEY_UIApplicationSupportsIndirectInputEvents = YES;
				INFOPLIST_KEY_UILaunchStoryboardName = LaunchScreen;
				INFOPLIST_KEY_UIMainStoryboardFile = Main;
				INFOPLIST_KEY_UISupportedInterfaceOrientations = UIInterfaceOrientationPortrait;
				IPHONEOS_DEPLOYMENT_TARGET = 13.0;
				LD_RUNPATH_SEARCH_PATHS = (
					"$(inherited)",
					"@executable_path/Frameworks",
				);
				MARKETING_VERSION = 1.0;
				PRODUCT_BUNDLE_IDENTIFIER = com.ios.Tendable;
				PRODUCT_NAME = "$(TARGET_NAME)";
				SWIFT_EMIT_LOC_STRINGS = YES;
				SWIFT_VERSION = 5.0;
				TARGETED_DEVICE_FAMILY = "1,2";
			};
			name = Debug;
		};
		7AB8321C2C4BE4DA009D2C59 /* Release */ = {
			isa = XCBuildConfiguration;
			baseConfigurationReference = ABBB25D59B492A3CFFDE4EB9 /* Pods-Tendable.release.xcconfig */;
			buildSettings = {
				ASSETCATALOG_COMPILER_APPICON_NAME = AppIcon;
				ASSETCATALOG_COMPILER_GLOBAL_ACCENT_COLOR_NAME = AccentColor;
				CODE_SIGN_STYLE = Automatic;
				CURRENT_PROJECT_VERSION = 1;
				DEVELOPMENT_TEAM = 2LR2Z2SB2G;
				GENERATE_INFOPLIST_FILE = YES;
				INFOPLIST_FILE = Tendable/Info.plist;
				INFOPLIST_KEY_UIApplicationSupportsIndirectInputEvents = YES;
				INFOPLIST_KEY_UILaunchStoryboardName = LaunchScreen;
				INFOPLIST_KEY_UIMainStoryboardFile = Main;
				INFOPLIST_KEY_UISupportedInterfaceOrientations = UIInterfaceOrientationPortrait;
				IPHONEOS_DEPLOYMENT_TARGET = 13.0;
				LD_RUNPATH_SEARCH_PATHS = (
					"$(inherited)",
					"@executable_path/Frameworks",
				);
				MARKETING_VERSION = 1.0;
				PRODUCT_BUNDLE_IDENTIFIER = com.ios.Tendable;
				PRODUCT_NAME = "$(TARGET_NAME)";
				SWIFT_EMIT_LOC_STRINGS = YES;
				SWIFT_VERSION = 5.0;
				TARGETED_DEVICE_FAMILY = "1,2";
			};
			name = Release;
		};
		7AB8321E2C4BE4DA009D2C59 /* Debug */ = {
			isa = XCBuildConfiguration;
			baseConfigurationReference = 1258D71F62E315113AB95324 /* Pods-TendableTests.debug.xcconfig */;
			buildSettings = {
				ALWAYS_EMBED_SWIFT_STANDARD_LIBRARIES = YES;
				BUNDLE_LOADER = "$(TEST_HOST)";
				CODE_SIGN_STYLE = Automatic;
				CURRENT_PROJECT_VERSION = 1;
				DEVELOPMENT_TEAM = 2LR2Z2SB2G;
				GENERATE_INFOPLIST_FILE = YES;
				IPHONEOS_DEPLOYMENT_TARGET = 13.0;
				MARKETING_VERSION = 1.0;
				PRODUCT_BUNDLE_IDENTIFIER = com.ios.TendableTests;
				PRODUCT_NAME = "$(TARGET_NAME)";
				SWIFT_EMIT_LOC_STRINGS = NO;
				SWIFT_VERSION = 5.0;
				TARGETED_DEVICE_FAMILY = "1,2";
				TEST_HOST = "$(BUILT_PRODUCTS_DIR)/Tendable.app/$(BUNDLE_EXECUTABLE_FOLDER_PATH)/Tendable";
			};
			name = Debug;
		};
		7AB8321F2C4BE4DA009D2C59 /* Release */ = {
			isa = XCBuildConfiguration;
			baseConfigurationReference = D657D436212B74CC02645D24 /* Pods-TendableTests.release.xcconfig */;
			buildSettings = {
				ALWAYS_EMBED_SWIFT_STANDARD_LIBRARIES = YES;
				BUNDLE_LOADER = "$(TEST_HOST)";
				CODE_SIGN_STYLE = Automatic;
				CURRENT_PROJECT_VERSION = 1;
				DEVELOPMENT_TEAM = 2LR2Z2SB2G;
				GENERATE_INFOPLIST_FILE = YES;
				IPHONEOS_DEPLOYMENT_TARGET = 13.0;
				MARKETING_VERSION = 1.0;
				PRODUCT_BUNDLE_IDENTIFIER = com.ios.TendableTests;
				PRODUCT_NAME = "$(TARGET_NAME)";
				SWIFT_EMIT_LOC_STRINGS = NO;
				SWIFT_VERSION = 5.0;
				TARGETED_DEVICE_FAMILY = "1,2";
				TEST_HOST = "$(BUILT_PRODUCTS_DIR)/Tendable.app/$(BUNDLE_EXECUTABLE_FOLDER_PATH)/Tendable";
			};
			name = Release;
		};
		7AB832212C4BE4DA009D2C59 /* Debug */ = {
			isa = XCBuildConfiguration;
			baseConfigurationReference = ACEA6C554D48BF782E422C40 /* Pods-Tendable-TendableUITests.debug.xcconfig */;
			buildSettings = {
				ALWAYS_EMBED_SWIFT_STANDARD_LIBRARIES = YES;
				CODE_SIGN_STYLE = Automatic;
				CURRENT_PROJECT_VERSION = 1;
				DEVELOPMENT_TEAM = 2LR2Z2SB2G;
				GENERATE_INFOPLIST_FILE = YES;
				IPHONEOS_DEPLOYMENT_TARGET = 13.0;
				MARKETING_VERSION = 1.0;
				PRODUCT_BUNDLE_IDENTIFIER = com.ios.TendableUITests;
				PRODUCT_NAME = "$(TARGET_NAME)";
				SWIFT_EMIT_LOC_STRINGS = NO;
				SWIFT_VERSION = 5.0;
				TARGETED_DEVICE_FAMILY = "1,2";
				TEST_TARGET_NAME = Tendable;
			};
			name = Debug;
		};
		7AB832222C4BE4DA009D2C59 /* Release */ = {
			isa = XCBuildConfiguration;
			baseConfigurationReference = 073EE27BA88456D9C6631F02 /* Pods-Tendable-TendableUITests.release.xcconfig */;
			buildSettings = {
				ALWAYS_EMBED_SWIFT_STANDARD_LIBRARIES = YES;
				CODE_SIGN_STYLE = Automatic;
				CURRENT_PROJECT_VERSION = 1;
				DEVELOPMENT_TEAM = 2LR2Z2SB2G;
				GENERATE_INFOPLIST_FILE = YES;
				IPHONEOS_DEPLOYMENT_TARGET = 13.0;
				MARKETING_VERSION = 1.0;
				PRODUCT_BUNDLE_IDENTIFIER = com.ios.TendableUITests;
				PRODUCT_NAME = "$(TARGET_NAME)";
				SWIFT_EMIT_LOC_STRINGS = NO;
				SWIFT_VERSION = 5.0;
				TARGETED_DEVICE_FAMILY = "1,2";
				TEST_TARGET_NAME = Tendable;
			};
			name = Release;
		};
/* End XCBuildConfiguration section */

/* Begin XCConfigurationList section */
		7AB831EB2C4BE4D9009D2C59 /* Build configuration list for PBXProject "Tendable" */ = {
			isa = XCConfigurationList;
			buildConfigurations = (
				7AB832182C4BE4DA009D2C59 /* Debug */,
				7AB832192C4BE4DA009D2C59 /* Release */,
			);
			defaultConfigurationIsVisible = 0;
			defaultConfigurationName = Release;
		};
		7AB8321A2C4BE4DA009D2C59 /* Build configuration list for PBXNativeTarget "Tendable" */ = {
			isa = XCConfigurationList;
			buildConfigurations = (
				7AB8321B2C4BE4DA009D2C59 /* Debug */,
				7AB8321C2C4BE4DA009D2C59 /* Release */,
			);
			defaultConfigurationIsVisible = 0;
			defaultConfigurationName = Release;
		};
		7AB8321D2C4BE4DA009D2C59 /* Build configuration list for PBXNativeTarget "TendableTests" */ = {
			isa = XCConfigurationList;
			buildConfigurations = (
				7AB8321E2C4BE4DA009D2C59 /* Debug */,
				7AB8321F2C4BE4DA009D2C59 /* Release */,
			);
			defaultConfigurationIsVisible = 0;
			defaultConfigurationName = Release;
		};
		7AB832202C4BE4DA009D2C59 /* Build configuration list for PBXNativeTarget "TendableUITests" */ = {
			isa = XCConfigurationList;
			buildConfigurations = (
				7AB832212C4BE4DA009D2C59 /* Debug */,
				7AB832222C4BE4DA009D2C59 /* Release */,
			);
			defaultConfigurationIsVisible = 0;
			defaultConfigurationName = Release;
		};
/* End XCConfigurationList section */
	};
	rootObject = 7AB831E82C4BE4D9009D2C59 /* Project object */;
}
